// !$*UTF8*$!
{
	archiveVersion = 1;
	classes = {
	};
	objectVersion = 52;
	objects = {

/* Begin PBXBuildFile section */
		6038CD9925ACC6D70000A5CE /* ImageLoader.swift in Sources */ = {isa = PBXBuildFile; fileRef = 6038CD9525ACC6D70000A5CE /* ImageLoader.swift */; };
		6038CD9A25ACC6D70000A5CE /* EnvironmentValues+ImageCache.swift in Sources */ = {isa = PBXBuildFile; fileRef = 6038CD9625ACC6D70000A5CE /* EnvironmentValues+ImageCache.swift */; };
		6038CD9B25ACC6D70000A5CE /* AsyncImage.swift in Sources */ = {isa = PBXBuildFile; fileRef = 6038CD9725ACC6D70000A5CE /* AsyncImage.swift */; };
		6038CD9C25ACC6D70000A5CE /* ImageCache.swift in Sources */ = {isa = PBXBuildFile; fileRef = 6038CD9825ACC6D70000A5CE /* ImageCache.swift */; };
		6038CDB025ACD4640000A5CE /* URLImage.swift in Sources */ = {isa = PBXBuildFile; fileRef = 6038CDAF25ACD4640000A5CE /* URLImage.swift */; };
		604D5AC825D23A6F007547C6 /* Movie+CoreDataClass.swift in Sources */ = {isa = PBXBuildFile; fileRef = 604D5AC625D23A6F007547C6 /* Movie+CoreDataClass.swift */; };
		604D5AC925D23A6F007547C6 /* Movie+CoreDataProperties.swift in Sources */ = {isa = PBXBuildFile; fileRef = 604D5AC725D23A6F007547C6 /* Movie+CoreDataProperties.swift */; };
		604DCD6125D9921F00EF6074 /* FilmButton.swift in Sources */ = {isa = PBXBuildFile; fileRef = 604DCD6025D9921F00EF6074 /* FilmButton.swift */; };
		6071DBC325BDD69900521D4E /* Actor+CoreDataClass.swift in Sources */ = {isa = PBXBuildFile; fileRef = 6071DBC125BDD69900521D4E /* Actor+CoreDataClass.swift */; };
		6071DBC425BDD69900521D4E /* Actor+CoreDataProperties.swift in Sources */ = {isa = PBXBuildFile; fileRef = 6071DBC225BDD69900521D4E /* Actor+CoreDataProperties.swift */; };
		6071DCE525A626ED00B948FD /* ScrollBar.swift in Sources */ = {isa = PBXBuildFile; fileRef = 6071DCE425A626ED00B948FD /* ScrollBar.swift */; };
		6095286625D0BDB800427D32 /* Array+EXT.swift in Sources */ = {isa = PBXBuildFile; fileRef = 6095286525D0BDB800427D32 /* Array+EXT.swift */; };
		60AB77CC25BD23F600D7F9F5 /* PurchaseLinkButton.swift in Sources */ = {isa = PBXBuildFile; fileRef = 60AB77CB25BD23F600D7F9F5 /* PurchaseLinkButton.swift */; };
		60B404AC25A161A500DD44F6 /* HeartButton.swift in Sources */ = {isa = PBXBuildFile; fileRef = 60B404AB25A161A500DD44F6 /* HeartButton.swift */; };
		60B9DF8925D9404300BDA067 /* ImageCard.swift in Sources */ = {isa = PBXBuildFile; fileRef = 60B9DF8825D9404300BDA067 /* ImageCard.swift */; };
		60B9DF8F25D9466C00BDA067 /* LabeledImageCard.swift in Sources */ = {isa = PBXBuildFile; fileRef = 60B9DF8E25D9466C00BDA067 /* LabeledImageCard.swift */; };
		60B9DF9325D947E900BDA067 /* LargeImageCard.swift in Sources */ = {isa = PBXBuildFile; fileRef = 60B9DF9225D947E900BDA067 /* LargeImageCard.swift */; };
		60BE042C25D74BD700DDA4C7 /* CardRow.swift in Sources */ = {isa = PBXBuildFile; fileRef = 60BE042B25D74BD700DDA4C7 /* CardRow.swift */; };
		60BE329B25B3BDC4007A799B /* StarSlider.swift in Sources */ = {isa = PBXBuildFile; fileRef = 60BE329A25B3BDC4007A799B /* StarSlider.swift */; };
		60C275F225BB5AE400D333F9 /* PurchaseLinkBar.swift in Sources */ = {isa = PBXBuildFile; fileRef = 60C275F125BB5AE400D333F9 /* PurchaseLinkBar.swift */; };
		60C87E39259BB899001AF3D2 /* GenreBar.swift in Sources */ = {isa = PBXBuildFile; fileRef = 60C87E38259BB899001AF3D2 /* GenreBar.swift */; };
		60C87E44259C118F001AF3D2 /* Genres+CoreDataClass.swift in Sources */ = {isa = PBXBuildFile; fileRef = 60C87E42259C118F001AF3D2 /* Genres+CoreDataClass.swift */; };
		60C87E45259C118F001AF3D2 /* Genres+CoreDataProperties.swift in Sources */ = {isa = PBXBuildFile; fileRef = 60C87E43259C118F001AF3D2 /* Genres+CoreDataProperties.swift */; };
		60C87E49259C14A5001AF3D2 /* GenreStore.swift in Sources */ = {isa = PBXBuildFile; fileRef = 60C87E48259C14A5001AF3D2 /* GenreStore.swift */; };
		60CB9148259D4BE9009BD9B4 /* ActorsStore.swift in Sources */ = {isa = PBXBuildFile; fileRef = 60CB9147259D4BE9009BD9B4 /* ActorsStore.swift */; };
		60CB914C259D80BE009BD9B4 /* MoviesStore.swift in Sources */ = {isa = PBXBuildFile; fileRef = 60CB914B259D80BE009BD9B4 /* MoviesStore.swift */; };
		60CB9151259E40E2009BD9B4 /* Cast+CoreDataClass.swift in Sources */ = {isa = PBXBuildFile; fileRef = 60CB914F259E40E2009BD9B4 /* Cast+CoreDataClass.swift */; };
		60CB9152259E40E2009BD9B4 /* Cast+CoreDataProperties.swift in Sources */ = {isa = PBXBuildFile; fileRef = 60CB9150259E40E2009BD9B4 /* Cast+CoreDataProperties.swift */; };
		60CB9156259E41D5009BD9B4 /* CastStore.swift in Sources */ = {isa = PBXBuildFile; fileRef = 60CB9155259E41D5009BD9B4 /* CastStore.swift */; };
		60D05173259AA81600B0A08F /* Rating+CoreDataClass.swift in Sources */ = {isa = PBXBuildFile; fileRef = 60D05171259AA81600B0A08F /* Rating+CoreDataClass.swift */; };
		60D05174259AA81600B0A08F /* Rating+CoreDataProperties.swift in Sources */ = {isa = PBXBuildFile; fileRef = 60D05172259AA81600B0A08F /* Rating+CoreDataProperties.swift */; };
		61322946251D637A00A84C62 /* SavedMovies.swift in Sources */ = {isa = PBXBuildFile; fileRef = 61322945251D637A00A84C62 /* SavedMovies.swift */; };
		6132294C251DAB7F00A84C62 /* SearchMovie.swift in Sources */ = {isa = PBXBuildFile; fileRef = 6132294B251DAB7F00A84C62 /* SearchMovie.swift */; };
		615524FA2596C2150079D4EC /* View+EXT.swift in Sources */ = {isa = PBXBuildFile; fileRef = 615524F92596C2150079D4EC /* View+EXT.swift */; };
		6163E167256EDD7800268C3D /* MovieStore.swift in Sources */ = {isa = PBXBuildFile; fileRef = 6163E166256EDD7800268C3D /* MovieStore.swift */; };
		616CFF0D2597F2B7006112EE /* ActorDetail.swift in Sources */ = {isa = PBXBuildFile; fileRef = 616CFF0C2597F2B7006112EE /* ActorDetail.swift */; };
		617B6E0E251A5D5B00BCF757 /* Home.swift in Sources */ = {isa = PBXBuildFile; fileRef = 617B6E0D251A5D5B00BCF757 /* Home.swift */; };
		617B6E12251A625900BCF757 /* MovieDetail.swift in Sources */ = {isa = PBXBuildFile; fileRef = 617B6E11251A625900BCF757 /* MovieDetail.swift */; };
		617B6E14251A937500BCF757 /* Colors+EXT.swift in Sources */ = {isa = PBXBuildFile; fileRef = 617B6E13251A937500BCF757 /* Colors+EXT.swift */; };
		617B6E16251AA0C300BCF757 /* Star.swift in Sources */ = {isa = PBXBuildFile; fileRef = 617B6E15251AA0C300BCF757 /* Star.swift */; };
		61905FD9256C59690077DDC6 /* Alamofire in Frameworks */ = {isa = PBXBuildFile; productRef = 61905FD8256C59690077DDC6 /* Alamofire */; };
		619BE26925684ABA0067ABEB /* APICodingKeys.swift in Sources */ = {isa = PBXBuildFile; fileRef = 619BE26825684ABA0067ABEB /* APICodingKeys.swift */; };
		61C83ED9251A3DF50012019F /* AppDelegate.swift in Sources */ = {isa = PBXBuildFile; fileRef = 61C83ED8251A3DF50012019F /* AppDelegate.swift */; };
		61C83EDB251A3DF50012019F /* SceneDelegate.swift in Sources */ = {isa = PBXBuildFile; fileRef = 61C83EDA251A3DF50012019F /* SceneDelegate.swift */; };
		61C83EDE251A3DF50012019F /* PopcornSwirl.xcdatamodeld in Sources */ = {isa = PBXBuildFile; fileRef = 61C83EDC251A3DF50012019F /* PopcornSwirl.xcdatamodeld */; };
		61C83EE2251A3DF90012019F /* Assets.xcassets in Resources */ = {isa = PBXBuildFile; fileRef = 61C83EE1251A3DF90012019F /* Assets.xcassets */; };
		61C83EE5251A3DF90012019F /* Preview Assets.xcassets in Resources */ = {isa = PBXBuildFile; fileRef = 61C83EE4251A3DF90012019F /* Preview Assets.xcassets */; };
		61C83EE8251A3DF90012019F /* LaunchScreen.storyboard in Resources */ = {isa = PBXBuildFile; fileRef = 61C83EE6251A3DF90012019F /* LaunchScreen.storyboard */; };
		61C83EF3251A3DF90012019F /* PopcornSwirlTests.swift in Sources */ = {isa = PBXBuildFile; fileRef = 61C83EF2251A3DF90012019F /* PopcornSwirlTests.swift */; };
		61D9C6CE257EA96D0047869A /* ActorStore.swift in Sources */ = {isa = PBXBuildFile; fileRef = 61D9C6CD257EA96D0047869A /* ActorStore.swift */; };
		61E3B53B2592F21100EE7F91 /* MainTabView.swift in Sources */ = {isa = PBXBuildFile; fileRef = 61E3B53A2592F21100EE7F91 /* MainTabView.swift */; };
/* End PBXBuildFile section */

/* Begin PBXContainerItemProxy section */
		61C83EEF251A3DF90012019F /* PBXContainerItemProxy */ = {
			isa = PBXContainerItemProxy;
			containerPortal = 61C83ECD251A3DF50012019F /* Project object */;
			proxyType = 1;
			remoteGlobalIDString = 61C83ED4251A3DF50012019F;
			remoteInfo = PopcornSwirl;
		};
/* End PBXContainerItemProxy section */

/* Begin PBXFileReference section */
		6038CD9525ACC6D70000A5CE /* ImageLoader.swift */ = {isa = PBXFileReference; fileEncoding = 4; lastKnownFileType = sourcecode.swift; path = ImageLoader.swift; sourceTree = "<group>"; };
		6038CD9625ACC6D70000A5CE /* EnvironmentValues+ImageCache.swift */ = {isa = PBXFileReference; fileEncoding = 4; lastKnownFileType = sourcecode.swift; path = "EnvironmentValues+ImageCache.swift"; sourceTree = "<group>"; };
		6038CD9725ACC6D70000A5CE /* AsyncImage.swift */ = {isa = PBXFileReference; fileEncoding = 4; lastKnownFileType = sourcecode.swift; path = AsyncImage.swift; sourceTree = "<group>"; };
		6038CD9825ACC6D70000A5CE /* ImageCache.swift */ = {isa = PBXFileReference; fileEncoding = 4; lastKnownFileType = sourcecode.swift; name = ImageCache.swift; path = "../../../Downloaded GitHub Projects/AsyncImage-master/AsyncImage/ImageCache.swift"; sourceTree = "<group>"; };
		6038CDAF25ACD4640000A5CE /* URLImage.swift */ = {isa = PBXFileReference; lastKnownFileType = sourcecode.swift; path = URLImage.swift; sourceTree = "<group>"; };
		604D5AC625D23A6F007547C6 /* Movie+CoreDataClass.swift */ = {isa = PBXFileReference; lastKnownFileType = sourcecode.swift; name = "Movie+CoreDataClass.swift"; path = "PopcornSwirl/Movie+CoreDataClass.swift"; sourceTree = "<group>"; };
		604D5AC725D23A6F007547C6 /* Movie+CoreDataProperties.swift */ = {isa = PBXFileReference; lastKnownFileType = sourcecode.swift; name = "Movie+CoreDataProperties.swift"; path = "PopcornSwirl/Movie+CoreDataProperties.swift"; sourceTree = "<group>"; };
		604DCD6025D9921F00EF6074 /* FilmButton.swift */ = {isa = PBXFileReference; lastKnownFileType = sourcecode.swift; path = FilmButton.swift; sourceTree = "<group>"; };
		6071DBC125BDD69900521D4E /* Actor+CoreDataClass.swift */ = {isa = PBXFileReference; lastKnownFileType = sourcecode.swift; path = "Actor+CoreDataClass.swift"; sourceTree = "<group>"; };
		6071DBC225BDD69900521D4E /* Actor+CoreDataProperties.swift */ = {isa = PBXFileReference; lastKnownFileType = sourcecode.swift; path = "Actor+CoreDataProperties.swift"; sourceTree = "<group>"; };
		6071DCE425A626ED00B948FD /* ScrollBar.swift */ = {isa = PBXFileReference; lastKnownFileType = sourcecode.swift; path = ScrollBar.swift; sourceTree = "<group>"; };
		6095286525D0BDB800427D32 /* Array+EXT.swift */ = {isa = PBXFileReference; lastKnownFileType = sourcecode.swift; path = "Array+EXT.swift"; sourceTree = "<group>"; };
		60AB77CB25BD23F600D7F9F5 /* PurchaseLinkButton.swift */ = {isa = PBXFileReference; lastKnownFileType = sourcecode.swift; path = PurchaseLinkButton.swift; sourceTree = "<group>"; };
		60B404AB25A161A500DD44F6 /* HeartButton.swift */ = {isa = PBXFileReference; lastKnownFileType = sourcecode.swift; path = HeartButton.swift; sourceTree = "<group>"; };
		60B9DF8825D9404300BDA067 /* ImageCard.swift */ = {isa = PBXFileReference; lastKnownFileType = sourcecode.swift; path = ImageCard.swift; sourceTree = "<group>"; };
		60B9DF8E25D9466C00BDA067 /* LabeledImageCard.swift */ = {isa = PBXFileReference; lastKnownFileType = sourcecode.swift; path = LabeledImageCard.swift; sourceTree = "<group>"; };
		60B9DF9225D947E900BDA067 /* LargeImageCard.swift */ = {isa = PBXFileReference; lastKnownFileType = sourcecode.swift; path = LargeImageCard.swift; sourceTree = "<group>"; };
		60BE042B25D74BD700DDA4C7 /* CardRow.swift */ = {isa = PBXFileReference; lastKnownFileType = sourcecode.swift; path = CardRow.swift; sourceTree = "<group>"; };
		60BE329A25B3BDC4007A799B /* StarSlider.swift */ = {isa = PBXFileReference; lastKnownFileType = sourcecode.swift; path = StarSlider.swift; sourceTree = "<group>"; };
		60C275F125BB5AE400D333F9 /* PurchaseLinkBar.swift */ = {isa = PBXFileReference; lastKnownFileType = sourcecode.swift; path = PurchaseLinkBar.swift; sourceTree = "<group>"; };
		60C87E38259BB899001AF3D2 /* GenreBar.swift */ = {isa = PBXFileReference; lastKnownFileType = sourcecode.swift; path = GenreBar.swift; sourceTree = "<group>"; };
		60C87E42259C118F001AF3D2 /* Genres+CoreDataClass.swift */ = {isa = PBXFileReference; lastKnownFileType = sourcecode.swift; name = "Genres+CoreDataClass.swift"; path = "PopcornSwirl/Genres+CoreDataClass.swift"; sourceTree = "<group>"; };
		60C87E43259C118F001AF3D2 /* Genres+CoreDataProperties.swift */ = {isa = PBXFileReference; lastKnownFileType = sourcecode.swift; name = "Genres+CoreDataProperties.swift"; path = "PopcornSwirl/Genres+CoreDataProperties.swift"; sourceTree = "<group>"; };
		60C87E48259C14A5001AF3D2 /* GenreStore.swift */ = {isa = PBXFileReference; lastKnownFileType = sourcecode.swift; path = GenreStore.swift; sourceTree = "<group>"; };
		60CB9147259D4BE9009BD9B4 /* ActorsStore.swift */ = {isa = PBXFileReference; lastKnownFileType = sourcecode.swift; path = ActorsStore.swift; sourceTree = "<group>"; };
		60CB914B259D80BE009BD9B4 /* MoviesStore.swift */ = {isa = PBXFileReference; lastKnownFileType = sourcecode.swift; path = MoviesStore.swift; sourceTree = "<group>"; };
		60CB914F259E40E2009BD9B4 /* Cast+CoreDataClass.swift */ = {isa = PBXFileReference; lastKnownFileType = sourcecode.swift; path = "Cast+CoreDataClass.swift"; sourceTree = "<group>"; };
		60CB9150259E40E2009BD9B4 /* Cast+CoreDataProperties.swift */ = {isa = PBXFileReference; lastKnownFileType = sourcecode.swift; path = "Cast+CoreDataProperties.swift"; sourceTree = "<group>"; };
		60CB9155259E41D5009BD9B4 /* CastStore.swift */ = {isa = PBXFileReference; lastKnownFileType = sourcecode.swift; path = CastStore.swift; sourceTree = "<group>"; };
		60D05171259AA81600B0A08F /* Rating+CoreDataClass.swift */ = {isa = PBXFileReference; lastKnownFileType = sourcecode.swift; name = "Rating+CoreDataClass.swift"; path = "PopcornSwirl/Rating+CoreDataClass.swift"; sourceTree = "<group>"; };
		60D05172259AA81600B0A08F /* Rating+CoreDataProperties.swift */ = {isa = PBXFileReference; lastKnownFileType = sourcecode.swift; name = "Rating+CoreDataProperties.swift"; path = "PopcornSwirl/Rating+CoreDataProperties.swift"; sourceTree = "<group>"; };
		61322945251D637A00A84C62 /* SavedMovies.swift */ = {isa = PBXFileReference; lastKnownFileType = sourcecode.swift; path = SavedMovies.swift; sourceTree = "<group>"; };
		6132294B251DAB7F00A84C62 /* SearchMovie.swift */ = {isa = PBXFileReference; lastKnownFileType = sourcecode.swift; path = SearchMovie.swift; sourceTree = "<group>"; };
		615524F92596C2150079D4EC /* View+EXT.swift */ = {isa = PBXFileReference; lastKnownFileType = sourcecode.swift; path = "View+EXT.swift"; sourceTree = "<group>"; };
		6163E166256EDD7800268C3D /* MovieStore.swift */ = {isa = PBXFileReference; lastKnownFileType = sourcecode.swift; path = MovieStore.swift; sourceTree = "<group>"; };
		616CFF0C2597F2B7006112EE /* ActorDetail.swift */ = {isa = PBXFileReference; lastKnownFileType = sourcecode.swift; path = ActorDetail.swift; sourceTree = "<group>"; };
		617B6E0D251A5D5B00BCF757 /* Home.swift */ = {isa = PBXFileReference; lastKnownFileType = sourcecode.swift; path = Home.swift; sourceTree = "<group>"; };
		617B6E11251A625900BCF757 /* MovieDetail.swift */ = {isa = PBXFileReference; lastKnownFileType = sourcecode.swift; path = MovieDetail.swift; sourceTree = "<group>"; };
		617B6E13251A937500BCF757 /* Colors+EXT.swift */ = {isa = PBXFileReference; lastKnownFileType = sourcecode.swift; path = "Colors+EXT.swift"; sourceTree = "<group>"; };
		617B6E15251AA0C300BCF757 /* Star.swift */ = {isa = PBXFileReference; lastKnownFileType = sourcecode.swift; path = Star.swift; sourceTree = "<group>"; };
		619BE26825684ABA0067ABEB /* APICodingKeys.swift */ = {isa = PBXFileReference; lastKnownFileType = sourcecode.swift; path = APICodingKeys.swift; sourceTree = "<group>"; };
		61C83ED5251A3DF50012019F /* PopcornSwirl.app */ = {isa = PBXFileReference; explicitFileType = wrapper.application; includeInIndex = 0; path = PopcornSwirl.app; sourceTree = BUILT_PRODUCTS_DIR; };
		61C83ED8251A3DF50012019F /* AppDelegate.swift */ = {isa = PBXFileReference; lastKnownFileType = sourcecode.swift; path = AppDelegate.swift; sourceTree = "<group>"; };
		61C83EDA251A3DF50012019F /* SceneDelegate.swift */ = {isa = PBXFileReference; lastKnownFileType = sourcecode.swift; path = SceneDelegate.swift; sourceTree = "<group>"; };
		61C83EDD251A3DF50012019F /* PopcornSwirl.xcdatamodel */ = {isa = PBXFileReference; lastKnownFileType = wrapper.xcdatamodel; path = PopcornSwirl.xcdatamodel; sourceTree = "<group>"; };
		61C83EE1251A3DF90012019F /* Assets.xcassets */ = {isa = PBXFileReference; lastKnownFileType = folder.assetcatalog; path = Assets.xcassets; sourceTree = "<group>"; };
		61C83EE4251A3DF90012019F /* Preview Assets.xcassets */ = {isa = PBXFileReference; lastKnownFileType = folder.assetcatalog; path = "Preview Assets.xcassets"; sourceTree = "<group>"; };
		61C83EE7251A3DF90012019F /* Base */ = {isa = PBXFileReference; lastKnownFileType = file.storyboard; name = Base; path = Base.lproj/LaunchScreen.storyboard; sourceTree = "<group>"; };
		61C83EE9251A3DF90012019F /* Info.plist */ = {isa = PBXFileReference; lastKnownFileType = text.plist.xml; path = Info.plist; sourceTree = "<group>"; };
		61C83EEE251A3DF90012019F /* PopcornSwirlTests.xctest */ = {isa = PBXFileReference; explicitFileType = wrapper.cfbundle; includeInIndex = 0; path = PopcornSwirlTests.xctest; sourceTree = BUILT_PRODUCTS_DIR; };
		61C83EF2251A3DF90012019F /* PopcornSwirlTests.swift */ = {isa = PBXFileReference; lastKnownFileType = sourcecode.swift; path = PopcornSwirlTests.swift; sourceTree = "<group>"; };
		61C83EF4251A3DF90012019F /* Info.plist */ = {isa = PBXFileReference; lastKnownFileType = text.plist.xml; path = Info.plist; sourceTree = "<group>"; };
		61D9C6CD257EA96D0047869A /* ActorStore.swift */ = {isa = PBXFileReference; lastKnownFileType = sourcecode.swift; path = ActorStore.swift; sourceTree = "<group>"; };
		61E3B53A2592F21100EE7F91 /* MainTabView.swift */ = {isa = PBXFileReference; lastKnownFileType = sourcecode.swift; path = MainTabView.swift; sourceTree = "<group>"; };
/* End PBXFileReference section */

/* Begin PBXFrameworksBuildPhase section */
		61C83ED2251A3DF50012019F /* Frameworks */ = {
			isa = PBXFrameworksBuildPhase;
			buildActionMask = 2147483647;
			files = (
				61905FD9256C59690077DDC6 /* Alamofire in Frameworks */,
			);
			runOnlyForDeploymentPostprocessing = 0;
		};
		61C83EEB251A3DF90012019F /* Frameworks */ = {
			isa = PBXFrameworksBuildPhase;
			buildActionMask = 2147483647;
			files = (
			);
			runOnlyForDeploymentPostprocessing = 0;
		};
/* End PBXFrameworksBuildPhase section */

/* Begin PBXGroup section */
		601D0D2B25996B5A005A0B1B /* CoreData */ = {
			isa = PBXGroup;
			children = (
				61C83EDC251A3DF50012019F /* PopcornSwirl.xcdatamodeld */,
				60CB9147259D4BE9009BD9B4 /* ActorsStore.swift */,
				60CB9155259E41D5009BD9B4 /* CastStore.swift */,
				60C87E48259C14A5001AF3D2 /* GenreStore.swift */,
				60CB914B259D80BE009BD9B4 /* MoviesStore.swift */,
			);
			name = CoreData;
			sourceTree = "<group>";
		};
		6029494825A1655000EB6842 /* CoredataClasses */ = {
			isa = PBXGroup;
			children = (
				604D5AC625D23A6F007547C6 /* Movie+CoreDataClass.swift */,
				604D5AC725D23A6F007547C6 /* Movie+CoreDataProperties.swift */,
				6071DBC125BDD69900521D4E /* Actor+CoreDataClass.swift */,
				6071DBC225BDD69900521D4E /* Actor+CoreDataProperties.swift */,
				60CB914F259E40E2009BD9B4 /* Cast+CoreDataClass.swift */,
				60CB9150259E40E2009BD9B4 /* Cast+CoreDataProperties.swift */,
				60C87E42259C118F001AF3D2 /* Genres+CoreDataClass.swift */,
				60C87E43259C118F001AF3D2 /* Genres+CoreDataProperties.swift */,
				60D05171259AA81600B0A08F /* Rating+CoreDataClass.swift */,
				60D05172259AA81600B0A08F /* Rating+CoreDataProperties.swift */,
			);
			name = CoredataClasses;
			sourceTree = "<group>";
		};
		6038CD9425ACC6BB0000A5CE /* AsyncImage */ = {
			isa = PBXGroup;
			children = (
				60B9DF8725D9400600BDA067 /* ImageCards */,
				6038CD9725ACC6D70000A5CE /* AsyncImage.swift */,
				6038CD9625ACC6D70000A5CE /* EnvironmentValues+ImageCache.swift */,
				6038CD9825ACC6D70000A5CE /* ImageCache.swift */,
				6038CD9525ACC6D70000A5CE /* ImageLoader.swift */,
			);
			name = AsyncImage;
			sourceTree = "<group>";
		};
		6071DCDB25A6254E00B948FD /* PrimaryViews */ = {
			isa = PBXGroup;
			children = (
				617B6E0D251A5D5B00BCF757 /* Home.swift */,
				61E3B53A2592F21100EE7F91 /* MainTabView.swift */,
				617B6E11251A625900BCF757 /* MovieDetail.swift */,
				616CFF0C2597F2B7006112EE /* ActorDetail.swift */,
				61322945251D637A00A84C62 /* SavedMovies.swift */,
				6132294B251DAB7F00A84C62 /* SearchMovie.swift */,
			);
			name = PrimaryViews;
			sourceTree = "<group>";
		};
		6071DCE225A6266D00B948FD /* SecondaryViews */ = {
			isa = PBXGroup;
			children = (
				617B6E15251AA0C300BCF757 /* Star.swift */,
				60BE329A25B3BDC4007A799B /* StarSlider.swift */,
				60B404AB25A161A500DD44F6 /* HeartButton.swift */,
				60C87E38259BB899001AF3D2 /* GenreBar.swift */,
				6071DCE425A626ED00B948FD /* ScrollBar.swift */,
				60C275F125BB5AE400D333F9 /* PurchaseLinkBar.swift */,
				60AB77CB25BD23F600D7F9F5 /* PurchaseLinkButton.swift */,
				60BE042B25D74BD700DDA4C7 /* CardRow.swift */,
				604DCD6025D9921F00EF6074 /* FilmButton.swift */,
			);
			name = SecondaryViews;
			sourceTree = "<group>";
		};
		6071DCE325A626A700B948FD /* Extensions  */ = {
			isa = PBXGroup;
			children = (
				615524F92596C2150079D4EC /* View+EXT.swift */,
				617B6E13251A937500BCF757 /* Colors+EXT.swift */,
				6095286525D0BDB800427D32 /* Array+EXT.swift */,
			);
			name = "Extensions ";
			sourceTree = "<group>";
		};
		60B9DF8725D9400600BDA067 /* ImageCards */ = {
			isa = PBXGroup;
			children = (
				6038CDAF25ACD4640000A5CE /* URLImage.swift */,
				60B9DF8825D9404300BDA067 /* ImageCard.swift */,
				60B9DF8E25D9466C00BDA067 /* LabeledImageCard.swift */,
				60B9DF9225D947E900BDA067 /* LargeImageCard.swift */,
			);
			name = ImageCards;
			sourceTree = "<group>";
		};
		619BE24A256847940067ABEB /* Frameworks */ = {
			isa = PBXGroup;
			children = (
			);
			name = Frameworks;
			sourceTree = "<group>";
		};
		619BE26725684A7B0067ABEB /* MovieDB */ = {
			isa = PBXGroup;
			children = (
				619BE26825684ABA0067ABEB /* APICodingKeys.swift */,
				6163E166256EDD7800268C3D /* MovieStore.swift */,
				61D9C6CD257EA96D0047869A /* ActorStore.swift */,
			);
			name = MovieDB;
			sourceTree = "<group>";
		};
		61C83ECC251A3DF50012019F = {
			isa = PBXGroup;
			children = (
				6029494825A1655000EB6842 /* CoredataClasses */,
				61C83ED7251A3DF50012019F /* PopcornSwirl */,
				61C83EF1251A3DF90012019F /* PopcornSwirlTests */,
				61C83ED6251A3DF50012019F /* Products */,
				619BE24A256847940067ABEB /* Frameworks */,
			);
			sourceTree = "<group>";
		};
		61C83ED6251A3DF50012019F /* Products */ = {
			isa = PBXGroup;
			children = (
				61C83ED5251A3DF50012019F /* PopcornSwirl.app */,
				61C83EEE251A3DF90012019F /* PopcornSwirlTests.xctest */,
			);
			name = Products;
			sourceTree = "<group>";
		};
		61C83ED7251A3DF50012019F /* PopcornSwirl */ = {
			isa = PBXGroup;
			children = (
				61C83EFF251A41120012019F /* Model */,
				61C83EFE251A41030012019F /* Views */,
				61C83EFD251A406F0012019F /* Support Files */,
				61C83EE3251A3DF90012019F /* Preview Content */,
			);
			path = PopcornSwirl;
			sourceTree = "<group>";
		};
		61C83EE3251A3DF90012019F /* Preview Content */ = {
			isa = PBXGroup;
			children = (
				61C83EE4251A3DF90012019F /* Preview Assets.xcassets */,
			);
			path = "Preview Content";
			sourceTree = "<group>";
		};
		61C83EF1251A3DF90012019F /* PopcornSwirlTests */ = {
			isa = PBXGroup;
			children = (
				61C83EF2251A3DF90012019F /* PopcornSwirlTests.swift */,
				61C83EF4251A3DF90012019F /* Info.plist */,
			);
			path = PopcornSwirlTests;
			sourceTree = "<group>";
		};
		61C83EFD251A406F0012019F /* Support Files */ = {
			isa = PBXGroup;
			children = (
				61C83ED8251A3DF50012019F /* AppDelegate.swift */,
				61C83EDA251A3DF50012019F /* SceneDelegate.swift */,
				61C83EE1251A3DF90012019F /* Assets.xcassets */,
				61C83EE6251A3DF90012019F /* LaunchScreen.storyboard */,
				61C83EE9251A3DF90012019F /* Info.plist */,
			);
			name = "Support Files";
			sourceTree = "<group>";
		};
		61C83EFE251A41030012019F /* Views */ = {
			isa = PBXGroup;
			children = (
				6038CD9425ACC6BB0000A5CE /* AsyncImage */,
				6071DCDB25A6254E00B948FD /* PrimaryViews */,
				6071DCE225A6266D00B948FD /* SecondaryViews */,
				6071DCE325A626A700B948FD /* Extensions  */,
			);
			name = Views;
			sourceTree = "<group>";
		};
		61C83EFF251A41120012019F /* Model */ = {
			isa = PBXGroup;
			children = (
				601D0D2B25996B5A005A0B1B /* CoreData */,
				619BE26725684A7B0067ABEB /* MovieDB */,
			);
			name = Model;
			sourceTree = "<group>";
		};
/* End PBXGroup section */

/* Begin PBXNativeTarget section */
		61C83ED4251A3DF50012019F /* PopcornSwirl */ = {
			isa = PBXNativeTarget;
			buildConfigurationList = 61C83EF7251A3DF90012019F /* Build configuration list for PBXNativeTarget "PopcornSwirl" */;
			buildPhases = (
				61C83ED1251A3DF50012019F /* Sources */,
				61C83ED2251A3DF50012019F /* Frameworks */,
				61C83ED3251A3DF50012019F /* Resources */,
			);
			buildRules = (
			);
			dependencies = (
			);
			name = PopcornSwirl;
			packageProductDependencies = (
				61905FD8256C59690077DDC6 /* Alamofire */,
			);
			productName = PopcornSwirl;
			productReference = 61C83ED5251A3DF50012019F /* PopcornSwirl.app */;
			productType = "com.apple.product-type.application";
		};
		61C83EED251A3DF90012019F /* PopcornSwirlTests */ = {
			isa = PBXNativeTarget;
			buildConfigurationList = 61C83EFA251A3DF90012019F /* Build configuration list for PBXNativeTarget "PopcornSwirlTests" */;
			buildPhases = (
				61C83EEA251A3DF90012019F /* Sources */,
				61C83EEB251A3DF90012019F /* Frameworks */,
				61C83EEC251A3DF90012019F /* Resources */,
			);
			buildRules = (
			);
			dependencies = (
				61C83EF0251A3DF90012019F /* PBXTargetDependency */,
			);
			name = PopcornSwirlTests;
			productName = PopcornSwirlTests;
			productReference = 61C83EEE251A3DF90012019F /* PopcornSwirlTests.xctest */;
			productType = "com.apple.product-type.bundle.unit-test";
		};
/* End PBXNativeTarget section */

/* Begin PBXProject section */
		61C83ECD251A3DF50012019F /* Project object */ = {
			isa = PBXProject;
			attributes = {
				LastSwiftUpdateCheck = 1170;
				LastUpgradeCheck = 1200;
				ORGANIZATIONNAME = "Matthew Sousa";
				TargetAttributes = {
					61C83ED4251A3DF50012019F = {
						CreatedOnToolsVersion = 11.7;
					};
					61C83EED251A3DF90012019F = {
						CreatedOnToolsVersion = 11.7;
						TestTargetID = 61C83ED4251A3DF50012019F;
					};
				};
			};
			buildConfigurationList = 61C83ED0251A3DF50012019F /* Build configuration list for PBXProject "PopcornSwirl" */;
			compatibilityVersion = "Xcode 9.3";
			developmentRegion = en;
			hasScannedForEncodings = 0;
			knownRegions = (
				en,
				Base,
			);
			mainGroup = 61C83ECC251A3DF50012019F;
			packageReferences = (
				61905FD7256C59690077DDC6 /* XCRemoteSwiftPackageReference "Alamofire" */,
			);
			productRefGroup = 61C83ED6251A3DF50012019F /* Products */;
			projectDirPath = "";
			projectRoot = "";
			targets = (
				61C83ED4251A3DF50012019F /* PopcornSwirl */,
				61C83EED251A3DF90012019F /* PopcornSwirlTests */,
			);
		};
/* End PBXProject section */

/* Begin PBXResourcesBuildPhase section */
		61C83ED3251A3DF50012019F /* Resources */ = {
			isa = PBXResourcesBuildPhase;
			buildActionMask = 2147483647;
			files = (
				61C83EE8251A3DF90012019F /* LaunchScreen.storyboard in Resources */,
				61C83EE5251A3DF90012019F /* Preview Assets.xcassets in Resources */,
				61C83EE2251A3DF90012019F /* Assets.xcassets in Resources */,
			);
			runOnlyForDeploymentPostprocessing = 0;
		};
		61C83EEC251A3DF90012019F /* Resources */ = {
			isa = PBXResourcesBuildPhase;
			buildActionMask = 2147483647;
			files = (
			);
			runOnlyForDeploymentPostprocessing = 0;
		};
/* End PBXResourcesBuildPhase section */

/* Begin PBXSourcesBuildPhase section */
		61C83ED1251A3DF50012019F /* Sources */ = {
			isa = PBXSourcesBuildPhase;
			buildActionMask = 2147483647;
			files = (
				6163E167256EDD7800268C3D /* MovieStore.swift in Sources */,
				61D9C6CE257EA96D0047869A /* ActorStore.swift in Sources */,
				617B6E16251AA0C300BCF757 /* Star.swift in Sources */,
				6132294C251DAB7F00A84C62 /* SearchMovie.swift in Sources */,
				60B404AC25A161A500DD44F6 /* HeartButton.swift in Sources */,
				617B6E14251A937500BCF757 /* Colors+EXT.swift in Sources */,
				6095286625D0BDB800427D32 /* Array+EXT.swift in Sources */,
				617B6E12251A625900BCF757 /* MovieDetail.swift in Sources */,
				61C83ED9251A3DF50012019F /* AppDelegate.swift in Sources */,
				6038CD9A25ACC6D70000A5CE /* EnvironmentValues+ImageCache.swift in Sources */,
				60BE042C25D74BD700DDA4C7 /* CardRow.swift in Sources */,
				6038CDB025ACD4640000A5CE /* URLImage.swift in Sources */,
				60CB914C259D80BE009BD9B4 /* MoviesStore.swift in Sources */,
				6038CD9925ACC6D70000A5CE /* ImageLoader.swift in Sources */,
				615524FA2596C2150079D4EC /* View+EXT.swift in Sources */,
				604DCD6125D9921F00EF6074 /* FilmButton.swift in Sources */,
				61322946251D637A00A84C62 /* SavedMovies.swift in Sources */,
				60CB9151259E40E2009BD9B4 /* Cast+CoreDataClass.swift in Sources */,
				60CB9152259E40E2009BD9B4 /* Cast+CoreDataProperties.swift in Sources */,
				60BE329B25B3BDC4007A799B /* StarSlider.swift in Sources */,
				604D5AC825D23A6F007547C6 /* Movie+CoreDataClass.swift in Sources */,
				60AB77CC25BD23F600D7F9F5 /* PurchaseLinkButton.swift in Sources */,
				60C275F225BB5AE400D333F9 /* PurchaseLinkBar.swift in Sources */,
				60CB9148259D4BE9009BD9B4 /* ActorsStore.swift in Sources */,
				616CFF0D2597F2B7006112EE /* ActorDetail.swift in Sources */,
				60C87E44259C118F001AF3D2 /* Genres+CoreDataClass.swift in Sources */,
				60B9DF8925D9404300BDA067 /* ImageCard.swift in Sources */,
				6071DBC425BDD69900521D4E /* Actor+CoreDataProperties.swift in Sources */,
				61C83EDB251A3DF50012019F /* SceneDelegate.swift in Sources */,
				60C87E39259BB899001AF3D2 /* GenreBar.swift in Sources */,
				6038CD9C25ACC6D70000A5CE /* ImageCache.swift in Sources */,
				60C87E45259C118F001AF3D2 /* Genres+CoreDataProperties.swift in Sources */,
				60C87E49259C14A5001AF3D2 /* GenreStore.swift in Sources */,
				60D05173259AA81600B0A08F /* Rating+CoreDataClass.swift in Sources */,
				60CB9156259E41D5009BD9B4 /* CastStore.swift in Sources */,
				60B9DF9325D947E900BDA067 /* LargeImageCard.swift in Sources */,
				619BE26925684ABA0067ABEB /* APICodingKeys.swift in Sources */,
				617B6E0E251A5D5B00BCF757 /* Home.swift in Sources */,
				61C83EDE251A3DF50012019F /* PopcornSwirl.xcdatamodeld in Sources */,
				6038CD9B25ACC6D70000A5CE /* AsyncImage.swift in Sources */,
				6071DBC325BDD69900521D4E /* Actor+CoreDataClass.swift in Sources */,
				60B9DF8F25D9466C00BDA067 /* LabeledImageCard.swift in Sources */,
				61E3B53B2592F21100EE7F91 /* MainTabView.swift in Sources */,
				60D05174259AA81600B0A08F /* Rating+CoreDataProperties.swift in Sources */,
				604D5AC925D23A6F007547C6 /* Movie+CoreDataProperties.swift in Sources */,
				6071DCE525A626ED00B948FD /* ScrollBar.swift in Sources */,
			);
			runOnlyForDeploymentPostprocessing = 0;
		};
		61C83EEA251A3DF90012019F /* Sources */ = {
			isa = PBXSourcesBuildPhase;
			buildActionMask = 2147483647;
			files = (
				61C83EF3251A3DF90012019F /* PopcornSwirlTests.swift in Sources */,
			);
			runOnlyForDeploymentPostprocessing = 0;
		};
/* End PBXSourcesBuildPhase section */

/* Begin PBXTargetDependency section */
		61C83EF0251A3DF90012019F /* PBXTargetDependency */ = {
			isa = PBXTargetDependency;
			target = 61C83ED4251A3DF50012019F /* PopcornSwirl */;
			targetProxy = 61C83EEF251A3DF90012019F /* PBXContainerItemProxy */;
		};
/* End PBXTargetDependency section */

/* Begin PBXVariantGroup section */
		61C83EE6251A3DF90012019F /* LaunchScreen.storyboard */ = {
			isa = PBXVariantGroup;
			children = (
				61C83EE7251A3DF90012019F /* Base */,
			);
			name = LaunchScreen.storyboard;
			sourceTree = "<group>";
		};
/* End PBXVariantGroup section */

/* Begin XCBuildConfiguration section */
		61C83EF5251A3DF90012019F /* Debug */ = {
			isa = XCBuildConfiguration;
			buildSettings = {
				ALWAYS_SEARCH_USER_PATHS = NO;
				CLANG_ANALYZER_NONNULL = YES;
				CLANG_ANALYZER_NUMBER_OBJECT_CONVERSION = YES_AGGRESSIVE;
				CLANG_CXX_LANGUAGE_STANDARD = "gnu++14";
				CLANG_CXX_LIBRARY = "libc++";
				CLANG_ENABLE_MODULES = YES;
				CLANG_ENABLE_OBJC_ARC = YES;
				CLANG_ENABLE_OBJC_WEAK = YES;
				CLANG_WARN_BLOCK_CAPTURE_AUTORELEASING = YES;
				CLANG_WARN_BOOL_CONVERSION = YES;
				CLANG_WARN_COMMA = YES;
				CLANG_WARN_CONSTANT_CONVERSION = YES;
				CLANG_WARN_DEPRECATED_OBJC_IMPLEMENTATIONS = YES;
				CLANG_WARN_DIRECT_OBJC_ISA_USAGE = YES_ERROR;
				CLANG_WARN_DOCUMENTATION_COMMENTS = YES;
				CLANG_WARN_EMPTY_BODY = YES;
				CLANG_WARN_ENUM_CONVERSION = YES;
				CLANG_WARN_INFINITE_RECURSION = YES;
				CLANG_WARN_INT_CONVERSION = YES;
				CLANG_WARN_NON_LITERAL_NULL_CONVERSION = YES;
				CLANG_WARN_OBJC_IMPLICIT_RETAIN_SELF = YES;
				CLANG_WARN_OBJC_LITERAL_CONVERSION = YES;
				CLANG_WARN_OBJC_ROOT_CLASS = YES_ERROR;
				CLANG_WARN_QUOTED_INCLUDE_IN_FRAMEWORK_HEADER = YES;
				CLANG_WARN_RANGE_LOOP_ANALYSIS = YES;
				CLANG_WARN_STRICT_PROTOTYPES = YES;
				CLANG_WARN_SUSPICIOUS_MOVE = YES;
				CLANG_WARN_UNGUARDED_AVAILABILITY = YES_AGGRESSIVE;
				CLANG_WARN_UNREACHABLE_CODE = YES;
				CLANG_WARN__DUPLICATE_METHOD_MATCH = YES;
				COPY_PHASE_STRIP = NO;
				DEBUG_INFORMATION_FORMAT = dwarf;
				ENABLE_STRICT_OBJC_MSGSEND = YES;
				ENABLE_TESTABILITY = YES;
				GCC_C_LANGUAGE_STANDARD = gnu11;
				GCC_DYNAMIC_NO_PIC = NO;
				GCC_NO_COMMON_BLOCKS = YES;
				GCC_OPTIMIZATION_LEVEL = 0;
				GCC_PREPROCESSOR_DEFINITIONS = (
					"DEBUG=1",
					"$(inherited)",
				);
				GCC_WARN_64_TO_32_BIT_CONVERSION = YES;
				GCC_WARN_ABOUT_RETURN_TYPE = YES_ERROR;
				GCC_WARN_UNDECLARED_SELECTOR = YES;
				GCC_WARN_UNINITIALIZED_AUTOS = YES_AGGRESSIVE;
				GCC_WARN_UNUSED_FUNCTION = YES;
				GCC_WARN_UNUSED_VARIABLE = YES;
				IPHONEOS_DEPLOYMENT_TARGET = 14.0;
				MTL_ENABLE_DEBUG_INFO = INCLUDE_SOURCE;
				MTL_FAST_MATH = YES;
				ONLY_ACTIVE_ARCH = YES;
				SDKROOT = iphoneos;
				SWIFT_ACTIVE_COMPILATION_CONDITIONS = DEBUG;
				SWIFT_OPTIMIZATION_LEVEL = "-Onone";
			};
			name = Debug;
		};
		61C83EF6251A3DF90012019F /* Release */ = {
			isa = XCBuildConfiguration;
			buildSettings = {
				ALWAYS_SEARCH_USER_PATHS = NO;
				CLANG_ANALYZER_NONNULL = YES;
				CLANG_ANALYZER_NUMBER_OBJECT_CONVERSION = YES_AGGRESSIVE;
				CLANG_CXX_LANGUAGE_STANDARD = "gnu++14";
				CLANG_CXX_LIBRARY = "libc++";
				CLANG_ENABLE_MODULES = YES;
				CLANG_ENABLE_OBJC_ARC = YES;
				CLANG_ENABLE_OBJC_WEAK = YES;
				CLANG_WARN_BLOCK_CAPTURE_AUTORELEASING = YES;
				CLANG_WARN_BOOL_CONVERSION = YES;
				CLANG_WARN_COMMA = YES;
				CLANG_WARN_CONSTANT_CONVERSION = YES;
				CLANG_WARN_DEPRECATED_OBJC_IMPLEMENTATIONS = YES;
				CLANG_WARN_DIRECT_OBJC_ISA_USAGE = YES_ERROR;
				CLANG_WARN_DOCUMENTATION_COMMENTS = YES;
				CLANG_WARN_EMPTY_BODY = YES;
				CLANG_WARN_ENUM_CONVERSION = YES;
				CLANG_WARN_INFINITE_RECURSION = YES;
				CLANG_WARN_INT_CONVERSION = YES;
				CLANG_WARN_NON_LITERAL_NULL_CONVERSION = YES;
				CLANG_WARN_OBJC_IMPLICIT_RETAIN_SELF = YES;
				CLANG_WARN_OBJC_LITERAL_CONVERSION = YES;
				CLANG_WARN_OBJC_ROOT_CLASS = YES_ERROR;
				CLANG_WARN_QUOTED_INCLUDE_IN_FRAMEWORK_HEADER = YES;
				CLANG_WARN_RANGE_LOOP_ANALYSIS = YES;
				CLANG_WARN_STRICT_PROTOTYPES = YES;
				CLANG_WARN_SUSPICIOUS_MOVE = YES;
				CLANG_WARN_UNGUARDED_AVAILABILITY = YES_AGGRESSIVE;
				CLANG_WARN_UNREACHABLE_CODE = YES;
				CLANG_WARN__DUPLICATE_METHOD_MATCH = YES;
				COPY_PHASE_STRIP = NO;
				DEBUG_INFORMATION_FORMAT = "dwarf-with-dsym";
				ENABLE_NS_ASSERTIONS = NO;
				ENABLE_STRICT_OBJC_MSGSEND = YES;
				GCC_C_LANGUAGE_STANDARD = gnu11;
				GCC_NO_COMMON_BLOCKS = YES;
				GCC_WARN_64_TO_32_BIT_CONVERSION = YES;
				GCC_WARN_ABOUT_RETURN_TYPE = YES_ERROR;
				GCC_WARN_UNDECLARED_SELECTOR = YES;
				GCC_WARN_UNINITIALIZED_AUTOS = YES_AGGRESSIVE;
				GCC_WARN_UNUSED_FUNCTION = YES;
				GCC_WARN_UNUSED_VARIABLE = YES;
				IPHONEOS_DEPLOYMENT_TARGET = 14.0;
				MTL_ENABLE_DEBUG_INFO = NO;
				MTL_FAST_MATH = YES;
				SDKROOT = iphoneos;
				SWIFT_COMPILATION_MODE = wholemodule;
				SWIFT_OPTIMIZATION_LEVEL = "-O";
				VALIDATE_PRODUCT = YES;
			};
			name = Release;
		};
		61C83EF8251A3DF90012019F /* Debug */ = {
			isa = XCBuildConfiguration;
			buildSettings = {
				ASSETCATALOG_COMPILER_APPICON_NAME = AppIcon;
				CODE_SIGN_STYLE = Automatic;
				DEVELOPMENT_ASSET_PATHS = "\"PopcornSwirl/Preview Content\"";
				DEVELOPMENT_TEAM = SPUKTJZVPR;
				ENABLE_PREVIEWS = YES;
				INFOPLIST_FILE = PopcornSwirl/Info.plist;
				LD_RUNPATH_SEARCH_PATHS = (
					"$(inherited)",
					"@executable_path/Frameworks",
				);
				PRODUCT_BUNDLE_IDENTIFIER = com.MattSousa.PopcornSwirl;
				PRODUCT_NAME = "$(TARGET_NAME)";
				SWIFT_VERSION = 5.0;
				TARGETED_DEVICE_FAMILY = "1,2";
			};
			name = Debug;
		};
		61C83EF9251A3DF90012019F /* Release */ = {
			isa = XCBuildConfiguration;
			buildSettings = {
				ASSETCATALOG_COMPILER_APPICON_NAME = AppIcon;
				CODE_SIGN_STYLE = Automatic;
				DEVELOPMENT_ASSET_PATHS = "\"PopcornSwirl/Preview Content\"";
				DEVELOPMENT_TEAM = SPUKTJZVPR;
				ENABLE_PREVIEWS = YES;
				INFOPLIST_FILE = PopcornSwirl/Info.plist;
				LD_RUNPATH_SEARCH_PATHS = (
					"$(inherited)",
					"@executable_path/Frameworks",
				);
				PRODUCT_BUNDLE_IDENTIFIER = com.MattSousa.PopcornSwirl;
				PRODUCT_NAME = "$(TARGET_NAME)";
				SWIFT_VERSION = 5.0;
				TARGETED_DEVICE_FAMILY = "1,2";
			};
			name = Release;
		};
		61C83EFB251A3DF90012019F /* Debug */ = {
			isa = XCBuildConfiguration;
			buildSettings = {
				ALWAYS_EMBED_SWIFT_STANDARD_LIBRARIES = YES;
				BUNDLE_LOADER = "$(TEST_HOST)";
				CODE_SIGN_STYLE = Automatic;
				DEVELOPMENT_TEAM = SPUKTJZVPR;
				INFOPLIST_FILE = PopcornSwirlTests/Info.plist;
				IPHONEOS_DEPLOYMENT_TARGET = 14.0;
				LD_RUNPATH_SEARCH_PATHS = (
					"$(inherited)",
					"@executable_path/Frameworks",
					"@loader_path/Frameworks",
				);
				PRODUCT_BUNDLE_IDENTIFIER = com.MattSousa.PopcornSwirlTests;
				PRODUCT_NAME = "$(TARGET_NAME)";
				SWIFT_VERSION = 5.0;
				TARGETED_DEVICE_FAMILY = "1,2";
				TEST_HOST = "$(BUILT_PRODUCTS_DIR)/PopcornSwirl.app/PopcornSwirl";
			};
			name = Debug;
		};
		61C83EFC251A3DF90012019F /* Release */ = {
			isa = XCBuildConfiguration;
			buildSettings = {
				ALWAYS_EMBED_SWIFT_STANDARD_LIBRARIES = YES;
				BUNDLE_LOADER = "$(TEST_HOST)";
				CODE_SIGN_STYLE = Automatic;
				DEVELOPMENT_TEAM = SPUKTJZVPR;
				INFOPLIST_FILE = PopcornSwirlTests/Info.plist;
				IPHONEOS_DEPLOYMENT_TARGET = 14.0;
				LD_RUNPATH_SEARCH_PATHS = (
					"$(inherited)",
					"@executable_path/Frameworks",
					"@loader_path/Frameworks",
				);
				PRODUCT_BUNDLE_IDENTIFIER = com.MattSousa.PopcornSwirlTests;
				PRODUCT_NAME = "$(TARGET_NAME)";
				SWIFT_VERSION = 5.0;
				TARGETED_DEVICE_FAMILY = "1,2";
				TEST_HOST = "$(BUILT_PRODUCTS_DIR)/PopcornSwirl.app/PopcornSwirl";
			};
			name = Release;
		};
/* End XCBuildConfiguration section */

/* Begin XCConfigurationList section */
		61C83ED0251A3DF50012019F /* Build configuration list for PBXProject "PopcornSwirl" */ = {
			isa = XCConfigurationList;
			buildConfigurations = (
				61C83EF5251A3DF90012019F /* Debug */,
				61C83EF6251A3DF90012019F /* Release */,
			);
			defaultConfigurationIsVisible = 0;
			defaultConfigurationName = Release;
		};
		61C83EF7251A3DF90012019F /* Build configuration list for PBXNativeTarget "PopcornSwirl" */ = {
			isa = XCConfigurationList;
			buildConfigurations = (
				61C83EF8251A3DF90012019F /* Debug */,
				61C83EF9251A3DF90012019F /* Release */,
			);
			defaultConfigurationIsVisible = 0;
			defaultConfigurationName = Release;
		};
		61C83EFA251A3DF90012019F /* Build configuration list for PBXNativeTarget "PopcornSwirlTests" */ = {
			isa = XCConfigurationList;
			buildConfigurations = (
				61C83EFB251A3DF90012019F /* Debug */,
				61C83EFC251A3DF90012019F /* Release */,
			);
			defaultConfigurationIsVisible = 0;
			defaultConfigurationName = Release;
		};
/* End XCConfigurationList section */

/* Begin XCRemoteSwiftPackageReference section */
		61905FD7256C59690077DDC6 /* XCRemoteSwiftPackageReference "Alamofire" */ = {
			isa = XCRemoteSwiftPackageReference;
			repositoryURL = "https://github.com/Alamofire/Alamofire.git";
			requirement = {
				kind = upToNextMajorVersion;
				minimumVersion = 5.4.0;
			};
		};
/* End XCRemoteSwiftPackageReference section */

/* Begin XCSwiftPackageProductDependency section */
		61905FD8256C59690077DDC6 /* Alamofire */ = {
			isa = XCSwiftPackageProductDependency;
			package = 61905FD7256C59690077DDC6 /* XCRemoteSwiftPackageReference "Alamofire" */;
			productName = Alamofire;
		};
/* End XCSwiftPackageProductDependency section */

/* Begin XCVersionGroup section */
		61C83EDC251A3DF50012019F /* PopcornSwirl.xcdatamodeld */ = {
			isa = XCVersionGroup;
			children = (
				61C83EDD251A3DF50012019F /* PopcornSwirl.xcdatamodel */,
			);
			currentVersion = 61C83EDD251A3DF50012019F /* PopcornSwirl.xcdatamodel */;
			path = PopcornSwirl.xcdatamodeld;
			sourceTree = "<group>";
			versionGroupType = wrapper.xcdatamodel;
		};
/* End XCVersionGroup section */
	};
	rootObject = 61C83ECD251A3DF50012019F /* Project object */;
}
